Microsoft Visual Studio Solution File, Format Version 8.00

Project("{FAE04EC0-301F-11D3-BF4B-00C04F79EFBC}") = "XmlRpcCs", "XmlRpcCs\XmlRpcCs.csproj", "{B17E6D8C-4CCF-4B12-AB6C-735F5C82862E}"

	ProjectSection(ProjectDependencies) = postProject

	EndProjectSection

EndProject

Project("{FAE04EC0-301F-11D3-BF4B-00C04F79EFBC}") = "DamageControlClientNet", "DamageControlClientNet\DamageControlClientNet.csproj", "{3D71E037-9033-4888-B03E-64EAD580ACAE}"

	ProjectSection(ProjectDependencies) = postProject

	EndProjectSection

EndProject

Project("{FAE04EC0-301F-11D3-BF4B-00C04F79EFBC}") = "DamageControlConsoleMonitor", "DamageControlConsoleMonitor\DamageControlConsoleMonitor.csproj", "{C6AB467C-9AB2-470C-9A41-F8345DC163C5}"

	ProjectSection(ProjectDependencies) = postProject

	EndProjectSection

EndProject

Project("{FAE04EC0-301F-11D3-BF4B-00C04F79EFBC}") = "WindowsTray", "WindowsTray\WindowsTray.csproj", "{3F16E818-9492-4369-89A0-ACAC4E56D877}"

	ProjectSection(ProjectDependencies) = postProject

	EndProjectSection

EndProject

Global

	GlobalSection(SolutionConfiguration) = preSolution

		Build = Build

		Debug = Debug

		Release = Release

	EndGlobalSection

	GlobalSection(ProjectConfiguration) = postSolution

		{B17E6D8C-4CCF-4B12-AB6C-735F5C82862E}.Build.ActiveCfg = Release|.NET

		{B17E6D8C-4CCF-4B12-AB6C-735F5C82862E}.Build.Build.0 = Release|.NET

		{B17E6D8C-4CCF-4B12-AB6C-735F5C82862E}.Debug.ActiveCfg = Debug|.NET

		{B17E6D8C-4CCF-4B12-AB6C-735F5C82862E}.Debug.Build.0 = Debug|.NET

		{B17E6D8C-4CCF-4B12-AB6C-735F5C82862E}.Release.ActiveCfg = Release|.NET

		{B17E6D8C-4CCF-4B12-AB6C-735F5C82862E}.Release.Build.0 = Release|.NET

		{3D71E037-9033-4888-B03E-64EAD580ACAE}.Build.ActiveCfg = Release|.NET

		{3D71E037-9033-4888-B03E-64EAD580ACAE}.Build.Build.0 = Release|.NET

		{3D71E037-9033-4888-B03E-64EAD580ACAE}.Debug.ActiveCfg = Debug|.NET

		{3D71E037-9033-4888-B03E-64EAD580ACAE}.Debug.Build.0 = Debug|.NET

		{3D71E037-9033-4888-B03E-64EAD580ACAE}.Release.ActiveCfg = Release|.NET

		{3D71E037-9033-4888-B03E-64EAD580ACAE}.Release.Build.0 = Release|.NET

		{C6AB467C-9AB2-470C-9A41-F8345DC163C5}.Build.ActiveCfg = Release|.NET

		{C6AB467C-9AB2-470C-9A41-F8345DC163C5}.Build.Build.0 = Release|.NET

		{C6AB467C-9AB2-470C-9A41-F8345DC163C5}.Debug.ActiveCfg = Debug|.NET

		{C6AB467C-9AB2-470C-9A41-F8345DC163C5}.Debug.Build.0 = Debug|.NET

		{C6AB467C-9AB2-470C-9A41-F8345DC163C5}.Release.ActiveCfg = Release|.NET

		{C6AB467C-9AB2-470C-9A41-F8345DC163C5}.Release.Build.0 = Release|.NET

		{3F16E818-9492-4369-89A0-ACAC4E56D877}.Build.ActiveCfg = Release|.NET

		{3F16E818-9492-4369-89A0-ACAC4E56D877}.Build.Build.0 = Release|.NET

		{3F16E818-9492-4369-89A0-ACAC4E56D877}.Debug.ActiveCfg = Debug|.NET

		{3F16E818-9492-4369-89A0-ACAC4E56D877}.Debug.Build.0 = Debug|.NET

		{3F16E818-9492-4369-89A0-ACAC4E56D877}.Release.ActiveCfg = Release|.NET

		{3F16E818-9492-4369-89A0-ACAC4E56D877}.Release.Build.0 = Release|.NET

	EndGlobalSection

	GlobalSection(ExtensibilityGlobals) = postSolution

	EndGlobalSection

	GlobalSection(ExtensibilityAddIns) = postSolution

	EndGlobalSection

EndGlobal

