Microsoft Visual Studio Solution File, Format Version 8.00
Project("{FAE04EC0-301F-11D3-BF4B-00C04F79EFBC}") = "DCTray", "DCTray.csproj", "{D9040862-D7E0-4232-BBD0-CF088706E009}"
	ProjectSection(ProjectDependencies) = postProject
	EndProjectSection
EndProject
Global
	GlobalSection(SolutionConfiguration) = preSolution
		Build = Build
		Debug = Debug
		Release = Release
	EndGlobalSection
	GlobalSection(ProjectConfiguration) = postSolution
		{D9040862-D7E0-4232-BBD0-CF088706E009}.Build.ActiveCfg = Build|.NET
		{D9040862-D7E0-4232-BBD0-CF088706E009}.Build.Build.0 = Build|.NET
		{D9040862-D7E0-4232-BBD0-CF088706E009}.Debug.ActiveCfg = Debug|.NET
		{D9040862-D7E0-4232-BBD0-CF088706E009}.Debug.Build.0 = Debug|.NET
		{D9040862-D7E0-4232-BBD0-CF088706E009}.Release.ActiveCfg = Release|.NET
		{D9040862-D7E0-4232-BBD0-CF088706E009}.Release.Build.0 = Release|.NET
	EndGlobalSection
	GlobalSection(ExtensibilityGlobals) = postSolution
	EndGlobalSection
	GlobalSection(ExtensibilityAddIns) = postSolution
	EndGlobalSection
EndGlobal
